// !$*UTF8*$!
{
	archiveVersion = 1;
	classes = {
	};
	objectVersion = 46;
	objects = {

/* Begin PBXBuildFile section */
		76665AAB1E512D9100442037 /* AppDelegate.swift in Sources */ = {isa = PBXBuildFile; fileRef = 76665AAA1E512D9100442037 /* AppDelegate.swift */; };
		76665AAD1E512D9100442037 /* ViewController.swift in Sources */ = {isa = PBXBuildFile; fileRef = 76665AAC1E512D9100442037 /* ViewController.swift */; };
		76665AB01E512D9100442037 /* Main.storyboard in Resources */ = {isa = PBXBuildFile; fileRef = 76665AAE1E512D9100442037 /* Main.storyboard */; };
		76665AB21E512D9100442037 /* Assets.xcassets in Resources */ = {isa = PBXBuildFile; fileRef = 76665AB11E512D9100442037 /* Assets.xcassets */; };
		76665AB51E512D9100442037 /* LaunchScreen.storyboard in Resources */ = {isa = PBXBuildFile; fileRef = 76665AB31E512D9100442037 /* LaunchScreen.storyboard */; };
		76D19AFD1E513CCF00B21AA7 /* Settings-15.png in Resources */ = {isa = PBXBuildFile; fileRef = 76D19AFC1E513CCF00B21AA7 /* Settings-15.png */; };
		FFF4ACA6A26BF6110BD22210 /* Pods_ColorCalc.framework in Frameworks */ = {isa = PBXBuildFile; fileRef = 55FD28F34712BC1FB00174CA /* Pods_ColorCalc.framework */; };
/* End PBXBuildFile section */

/* Begin PBXFileReference section */
		129B42068A1501F4966401CE /* Pods-ColorCalc.debug.xcconfig */ = {isa = PBXFileReference; includeInIndex = 1; lastKnownFileType = text.xcconfig; name = "Pods-ColorCalc.debug.xcconfig"; path = "Pods/Target Support Files/Pods-ColorCalc/Pods-ColorCalc.debug.xcconfig"; sourceTree = "<group>"; };
		383273595068A2836473F2AB /* Pods-ColorCalc.release.xcconfig */ = {isa = PBXFileReference; includeInIndex = 1; lastKnownFileType = text.xcconfig; name = "Pods-ColorCalc.release.xcconfig"; path = "Pods/Target Support Files/Pods-ColorCalc/Pods-ColorCalc.release.xcconfig"; sourceTree = "<group>"; };
		55FD28F34712BC1FB00174CA /* Pods_ColorCalc.framework */ = {isa = PBXFileReference; explicitFileType = wrapper.framework; includeInIndex = 0; path = Pods_ColorCalc.framework; sourceTree = BUILT_PRODUCTS_DIR; };
		76665AA71E512D9100442037 /* ColorCalc.app */ = {isa = PBXFileReference; explicitFileType = wrapper.application; includeInIndex = 0; path = ColorCalc.app; sourceTree = BUILT_PRODUCTS_DIR; };
		76665AAA1E512D9100442037 /* AppDelegate.swift */ = {isa = PBXFileReference; lastKnownFileType = sourcecode.swift; path = AppDelegate.swift; sourceTree = "<group>"; };
		76665AAC1E512D9100442037 /* ViewController.swift */ = {isa = PBXFileReference; lastKnownFileType = sourcecode.swift; path = ViewController.swift; sourceTree = "<group>"; };
		76665AAF1E512D9100442037 /* Base */ = {isa = PBXFileReference; lastKnownFileType = file.storyboard; name = Base; path = Base.lproj/Main.storyboard; sourceTree = "<group>"; };
		76665AB11E512D9100442037 /* Assets.xcassets */ = {isa = PBXFileReference; lastKnownFileType = folder.assetcatalog; path = Assets.xcassets; sourceTree = "<group>"; };
		76665AB41E512D9100442037 /* Base */ = {isa = PBXFileReference; lastKnownFileType = file.storyboard; name = Base; path = Base.lproj/LaunchScreen.storyboard; sourceTree = "<group>"; };
		76665AB61E512D9100442037 /* Info.plist */ = {isa = PBXFileReference; lastKnownFileType = text.plist.xml; path = Info.plist; sourceTree = "<group>"; };
		76D19AFC1E513CCF00B21AA7 /* Settings-15.png */ = {isa = PBXFileReference; lastKnownFileType = image.png; path = "Settings-15.png"; sourceTree = "<group>"; };
/* End PBXFileReference section */

/* Begin PBXFrameworksBuildPhase section */
		76665AA41E512D9100442037 /* Frameworks */ = {
			isa = PBXFrameworksBuildPhase;
			buildActionMask = 2147483647;
			files = (
				FFF4ACA6A26BF6110BD22210 /* Pods_ColorCalc.framework in Frameworks */,
			);
			runOnlyForDeploymentPostprocessing = 0;
		};
/* End PBXFrameworksBuildPhase section */

/* Begin PBXGroup section */
		76665A9E1E512D9100442037 = {
			isa = PBXGroup;
			children = (
				76665AA91E512D9100442037 /* ColorCalc */,
				76665AA81E512D9100442037 /* Products */,
				79D3FC4430E948211F46E07A /* Pods */,
				8367BB42F8101C503BFCD161 /* Frameworks */,
			);
			sourceTree = "<group>";
		};
		76665AA81E512D9100442037 /* Products */ = {
			isa = PBXGroup;
			children = (
				76665AA71E512D9100442037 /* ColorCalc.app */,
			);
			name = Products;
			sourceTree = "<group>";
		};
		76665AA91E512D9100442037 /* ColorCalc */ = {
			isa = PBXGroup;
			children = (
				76665AAA1E512D9100442037 /* AppDelegate.swift */,
				76665AAC1E512D9100442037 /* ViewController.swift */,
				76665AAE1E512D9100442037 /* Main.storyboard */,
				76665AB11E512D9100442037 /* Assets.xcassets */,
				76D19AFC1E513CCF00B21AA7 /* Settings-15.png */,
				76665AB31E512D9100442037 /* LaunchScreen.storyboard */,
				76665AB61E512D9100442037 /* Info.plist */,
			);
			path = ColorCalc;
			sourceTree = "<group>";
		};
		79D3FC4430E948211F46E07A /* Pods */ = {
			isa = PBXGroup;
			children = (
				129B42068A1501F4966401CE /* Pods-ColorCalc.debug.xcconfig */,
				383273595068A2836473F2AB /* Pods-ColorCalc.release.xcconfig */,
			);
			name = Pods;
			sourceTree = "<group>";
		};
		8367BB42F8101C503BFCD161 /* Frameworks */ = {
			isa = PBXGroup;
			children = (
				55FD28F34712BC1FB00174CA /* Pods_ColorCalc.framework */,
			);
			name = Frameworks;
			sourceTree = "<group>";
		};
/* End PBXGroup section */

/* Begin PBXNativeTarget section */
		76665AA61E512D9100442037 /* ColorCalc */ = {
			isa = PBXNativeTarget;
			buildConfigurationList = 76665AB91E512D9100442037 /* Build configuration list for PBXNativeTarget "ColorCalc" */;
			buildPhases = (
				0B44D87CF2CCE12EDA6E1B4C /* [CP] Check Pods Manifest.lock */,
				76665AA31E512D9100442037 /* Sources */,
				76665AA41E512D9100442037 /* Frameworks */,
				76665AA51E512D9100442037 /* Resources */,
				2FE10DA080CBC0C6723A2AB4 /* [CP] Embed Pods Frameworks */,
				5289759B073870B0911350ED /* [CP] Copy Pods Resources */,
			);
			buildRules = (
			);
			dependencies = (
			);
			name = ColorCalc;
			productName = ColorCalc;
			productReference = 76665AA71E512D9100442037 /* ColorCalc.app */;
			productType = "com.apple.product-type.application";
		};
/* End PBXNativeTarget section */

/* Begin PBXProject section */
		76665A9F1E512D9100442037 /* Project object */ = {
			isa = PBXProject;
			attributes = {
				LastSwiftUpdateCheck = 0820;
				LastUpgradeCheck = 0820;
				ORGANIZATIONNAME = "Spectrum Image, LLC";
				TargetAttributes = {
					76665AA61E512D9100442037 = {
						CreatedOnToolsVersion = 8.2.1;
						DevelopmentTeam = D8VX26DKQ9;
						ProvisioningStyle = Automatic;
					};
				};
			};
			buildConfigurationList = 76665AA21E512D9100442037 /* Build configuration list for PBXProject "ColorCalc" */;
			compatibilityVersion = "Xcode 3.2";
			developmentRegion = English;
			hasScannedForEncodings = 0;
			knownRegions = (
				en,
				Base,
			);
			mainGroup = 76665A9E1E512D9100442037;
			productRefGroup = 76665AA81E512D9100442037 /* Products */;
			projectDirPath = "";
			projectRoot = "";
			targets = (
				76665AA61E512D9100442037 /* ColorCalc */,
			);
		};
/* End PBXProject section */

/* Begin PBXResourcesBuildPhase section */
		76665AA51E512D9100442037 /* Resources */ = {
			isa = PBXResourcesBuildPhase;
			buildActionMask = 2147483647;
			files = (
				76665AB51E512D9100442037 /* LaunchScreen.storyboard in Resources */,
				76665AB21E512D9100442037 /* Assets.xcassets in Resources */,
				76D19AFD1E513CCF00B21AA7 /* Settings-15.png in Resources */,
				76665AB01E512D9100442037 /* Main.storyboard in Resources */,
			);
			runOnlyForDeploymentPostprocessing = 0;
		};
/* End PBXResourcesBuildPhase section */

/* Begin PBXShellScriptBuildPhase section */
		0B44D87CF2CCE12EDA6E1B4C /* [CP] Check Pods Manifest.lock */ = {
			isa = PBXShellScriptBuildPhase;
			buildActionMask = 2147483647;
			files = (
			);
			inputPaths = (
			);
			name = "[CP] Check Pods Manifest.lock";
			outputPaths = (
			);
			runOnlyForDeploymentPostprocessing = 0;
			shellPath = /bin/sh;
			shellScript = "diff \"${PODS_ROOT}/../Podfile.lock\" \"${PODS_ROOT}/Manifest.lock\" > /dev/null\nif [ $? != 0 ] ; then\n    # print error to STDERR\n    echo \"error: The sandbox is not in sync with the Podfile.lock. Run 'pod install' or update your CocoaPods installation.\" >&2\n    exit 1\nfi\n";
			showEnvVarsInLog = 0;
		};
		2FE10DA080CBC0C6723A2AB4 /* [CP] Embed Pods Frameworks */ = {
			isa = PBXShellScriptBuildPhase;
			buildActionMask = 2147483647;
			files = (
			);
			inputPaths = (
			);
			name = "[CP] Embed Pods Frameworks";
			outputPaths = (
			);
			runOnlyForDeploymentPostprocessing = 0;
			shellPath = /bin/sh;
			shellScript = "\"${SRCROOT}/Pods/Target Support Files/Pods-ColorCalc/Pods-ColorCalc-frameworks.sh\"\n";
			showEnvVarsInLog = 0;
		};
		5289759B073870B0911350ED /* [CP] Copy Pods Resources */ = {
			isa = PBXShellScriptBuildPhase;
			buildActionMask = 2147483647;
			files = (
			);
			inputPaths = (
			);
			name = "[CP] Copy Pods Resources";
			outputPaths = (
			);
			runOnlyForDeploymentPostprocessing = 0;
			shellPath = /bin/sh;
			shellScript = "\"${SRCROOT}/Pods/Target Support Files/Pods-ColorCalc/Pods-ColorCalc-resources.sh\"\n";
			showEnvVarsInLog = 0;
		};
/* End PBXShellScriptBuildPhase section */

/* Begin PBXSourcesBuildPhase section */
		76665AA31E512D9100442037 /* Sources */ = {
			isa = PBXSourcesBuildPhase;
			buildActionMask = 2147483647;
			files = (
				76665AAD1E512D9100442037 /* ViewController.swift in Sources */,
				76665AAB1E512D9100442037 /* AppDelegate.swift in Sources */,
			);
			runOnlyForDeploymentPostprocessing = 0;
		};
/* End PBXSourcesBuildPhase section */

/* Begin PBXVariantGroup section */
		76665AAE1E512D9100442037 /* Main.storyboard */ = {
			isa = PBXVariantGroup;
			children = (
				76665AAF1E512D9100442037 /* Base */,
			);
			name = Main.storyboard;
			sourceTree = "<group>";
		};
		76665AB31E512D9100442037 /* LaunchScreen.storyboard */ = {
			isa = PBXVariantGroup;
			children = (
				76665AB41E512D9100442037 /* Base */,
			);
			name = LaunchScreen.storyboard;
			sourceTree = "<group>";
		};
/* End PBXVariantGroup section */

/* Begin XCBuildConfiguration section */
		76665AB71E512D9100442037 /* Debug */ = {
			isa = XCBuildConfiguration;
			buildSettings = {
				ALWAYS_SEARCH_USER_PATHS = NO;
				CLANG_ANALYZER_NONNULL = YES;
				CLANG_CXX_LANGUAGE_STANDARD = "gnu++0x";
				CLANG_CXX_LIBRARY = "libc++";
				CLANG_ENABLE_MODULES = YES;
				CLANG_ENABLE_OBJC_ARC = YES;
				CLANG_WARN_BOOL_CONVERSION = YES;
				CLANG_WARN_CONSTANT_CONVERSION = YES;
				CLANG_WARN_DIRECT_OBJC_ISA_USAGE = YES_ERROR;
				CLANG_WARN_DOCUMENTATION_COMMENTS = YES;
				CLANG_WARN_EMPTY_BODY = YES;
				CLANG_WARN_ENUM_CONVERSION = YES;
				CLANG_WARN_INFINITE_RECURSION = YES;
				CLANG_WARN_INT_CONVERSION = YES;
				CLANG_WARN_OBJC_ROOT_CLASS = YES_ERROR;
				CLANG_WARN_SUSPICIOUS_MOVE = YES;
				CLANG_WARN_UNREACHABLE_CODE = YES;
				CLANG_WARN__DUPLICATE_METHOD_MATCH = YES;
				"CODE_SIGN_IDENTITY[sdk=iphoneos*]" = "iPhone Developer";
				COPY_PHASE_STRIP = NO;
				DEBUG_INFORMATION_FORMAT = dwarf;
				ENABLE_STRICT_OBJC_MSGSEND = YES;
				ENABLE_TESTABILITY = YES;
				GCC_C_LANGUAGE_STANDARD = gnu99;
				GCC_DYNAMIC_NO_PIC = NO;
				GCC_NO_COMMON_BLOCKS = YES;
				GCC_OPTIMIZATION_LEVEL = 0;
				GCC_PREPROCESSOR_DEFINITIONS = (
					"DEBUG=1",
					"$(inherited)",
				);
				GCC_WARN_64_TO_32_BIT_CONVERSION = YES;
				GCC_WARN_ABOUT_RETURN_TYPE = YES_ERROR;
				GCC_WARN_UNDECLARED_SELECTOR = YES;
				GCC_WARN_UNINITIALIZED_AUTOS = YES_AGGRESSIVE;
				GCC_WARN_UNUSED_FUNCTION = YES;
				GCC_WARN_UNUSED_VARIABLE = YES;
				IPHONEOS_DEPLOYMENT_TARGET = 10.2;
				MTL_ENABLE_DEBUG_INFO = YES;
				ONLY_ACTIVE_ARCH = YES;
				SDKROOT = iphoneos;
				SWIFT_ACTIVE_COMPILATION_CONDITIONS = DEBUG;
				SWIFT_OPTIMIZATION_LEVEL = "-Onone";
				TARGETED_DEVICE_FAMILY = "1,2";
			};
			name = Debug;
		};
		76665AB81E512D9100442037 /* Release */ = {
			isa = XCBuildConfiguration;
			buildSettings = {
				ALWAYS_SEARCH_USER_PATHS = NO;
				CLANG_ANALYZER_NONNULL = YES;
				CLANG_CXX_LANGUAGE_STANDARD = "gnu++0x";
				CLANG_CXX_LIBRARY = "libc++";
				CLANG_ENABLE_MODULES = YES;
				CLANG_ENABLE_OBJC_ARC = YES;
				CLANG_WARN_BOOL_CONVERSION = YES;
				CLANG_WARN_CONSTANT_CONVERSION = YES;
				CLANG_WARN_DIRECT_OBJC_ISA_USAGE = YES_ERROR;
				CLANG_WARN_DOCUMENTATION_COMMENTS = YES;
				CLANG_WARN_EMPTY_BODY = YES;
				CLANG_WARN_ENUM_CONVERSION = YES;
				CLANG_WARN_INFINITE_RECURSION = YES;
				CLANG_WARN_INT_CONVERSION = YES;
				CLANG_WARN_OBJC_ROOT_CLASS = YES_ERROR;
				CLANG_WARN_SUSPICIOUS_MOVE = YES;
				CLANG_WARN_UNREACHABLE_CODE = YES;
				CLANG_WARN__DUPLICATE_METHOD_MATCH = YES;
				"CODE_SIGN_IDENTITY[sdk=iphoneos*]" = "iPhone Developer";
				COPY_PHASE_STRIP = NO;
				DEBUG_INFORMATION_FORMAT = "dwarf-with-dsym";
				ENABLE_NS_ASSERTIONS = NO;
				ENABLE_STRICT_OBJC_MSGSEND = YES;
				GCC_C_LANGUAGE_STANDARD = gnu99;
				GCC_NO_COMMON_BLOCKS = YES;
				GCC_WARN_64_TO_32_BIT_CONVERSION = YES;
				GCC_WARN_ABOUT_RETURN_TYPE = YES_ERROR;
				GCC_WARN_UNDECLARED_SELECTOR = YES;
				GCC_WARN_UNINITIALIZED_AUTOS = YES_AGGRESSIVE;
				GCC_WARN_UNUSED_FUNCTION = YES;
				GCC_WARN_UNUSED_VARIABLE = YES;
				IPHONEOS_DEPLOYMENT_TARGET = 10.2;
				MTL_ENABLE_DEBUG_INFO = NO;
				SDKROOT = iphoneos;
				SWIFT_OPTIMIZATION_LEVEL = "-Owholemodule";
				TARGETED_DEVICE_FAMILY = "1,2";
				VALIDATE_PRODUCT = YES;
			};
			name = Release;
		};
		76665ABA1E512D9100442037 /* Debug */ = {
			isa = XCBuildConfiguration;
			baseConfigurationReference = 129B42068A1501F4966401CE /* Pods-ColorCalc.debug.xcconfig */;
			buildSettings = {
				ASSETCATALOG_COMPILER_APPICON_NAME = AppIcon;
				DEVELOPMENT_TEAM = D8VX26DKQ9;
				INFOPLIST_FILE = ColorCalc/Info.plist;
				LD_RUNPATH_SEARCH_PATHS = "$(inherited) @executable_path/Frameworks";
				PRODUCT_BUNDLE_IDENTIFIER = net.spectrumimage.ColorCalc;
				PRODUCT_NAME = "$(TARGET_NAME)";
				SWIFT_VERSION = 3.0;
				TARGETED_DEVICE_FAMILY = 1;
			};
			name = Debug;
		};
		76665ABB1E512D9100442037 /* Release */ = {
			isa = XCBuildConfiguration;
			baseConfigurationReference = 383273595068A2836473F2AB /* Pods-ColorCalc.release.xcconfig */;
			buildSettings = {
				ASSETCATALOG_COMPILER_APPICON_NAME = AppIcon;
				DEVELOPMENT_TEAM = D8VX26DKQ9;
				INFOPLIST_FILE = ColorCalc/Info.plist;
				LD_RUNPATH_SEARCH_PATHS = "$(inherited) @executable_path/Frameworks";
				PRODUCT_BUNDLE_IDENTIFIER = net.spectrumimage.ColorCalc;
				PRODUCT_NAME = "$(TARGET_NAME)";
				SWIFT_VERSION = 3.0;
				TARGETED_DEVICE_FAMILY = 1;
			};
			name = Release;
		};
/* End XCBuildConfiguration section */

/* Begin XCConfigurationList section */
		76665AA21E512D9100442037 /* Build configuration list for PBXProject "ColorCalc" */ = {
			isa = XCConfigurationList;
			buildConfigurations = (
				76665AB71E512D9100442037 /* Debug */,
				76665AB81E512D9100442037 /* Release */,
			);
			defaultConfigurationIsVisible = 0;
			defaultConfigurationName = Release;
		};
		76665AB91E512D9100442037 /* Build configuration list for PBXNativeTarget "ColorCalc" */ = {
			isa = XCConfigurationList;
			buildConfigurations = (
				76665ABA1E512D9100442037 /* Debug */,
				76665ABB1E512D9100442037 /* Release */,
			);
			defaultConfigurationIsVisible = 0;
			defaultConfigurationName = Release;
		};
/* End XCConfigurationList section */
	};
	rootObject = 76665A9F1E512D9100442037 /* Project object */;
}
