// !$*UTF8*$!
{
	archiveVersion = 1;
	classes = {
	};
	objectVersion = 54;
	objects = {

/* Begin PBXBuildFile section */
		040CF18AA4101C200CA73664 /* StandardCalculatorView.swift in Sources */ = {isa = PBXBuildFile; fileRef = F7216AA91ADBC7F46F1E92BD /* StandardCalculatorView.swift */; };
		7640BB6D1E7C3D0D009886DE /* FinancialCalculatorView.swift in Sources */ = {isa = PBXBuildFile; fileRef = 7640BB6C1E7C3D0D009886DE /* FinancialCalculatorView.swift */; };
		76665AAB1E512D9100442037 /* CalculatorPlusApp.swift in Sources */ = {isa = PBXBuildFile; fileRef = 76665AAA1E512D9100442037 /* CalculatorPlusApp.swift */; };
		76665AAD1E512D9100442037 /* MainView.swift in Sources */ = {isa = PBXBuildFile; fileRef = 76665AAC1E512D9100442037 /* MainView.swift */; };
		76665AB01E512D9100442037 /* Main.storyboard in Resources */ = {isa = PBXBuildFile; fileRef = 76665AAE1E512D9100442037 /* Main.storyboard */; };
		76665AB21E512D9100442037 /* Assets.xcassets in Resources */ = {isa = PBXBuildFile; fileRef = 76665AB11E512D9100442037 /* Assets.xcassets */; };
		76665AB51E512D9100442037 /* LaunchScreen.storyboard in Resources */ = {isa = PBXBuildFile; fileRef = 76665AB31E512D9100442037 /* LaunchScreen.storyboard */; };
		766AFD4D1E9D1B8B0048B49A /* ColorCalc_icon_01.png in Resources */ = {isa = PBXBuildFile; fileRef = 766AFD2F1E9D1B8B0048B49A /* ColorCalc_icon_01.png */; };
		766AFD4E1E9D1B8B0048B49A /* ColorCalc_icon_01@2x.png in Resources */ = {isa = PBXBuildFile; fileRef = 766AFD301E9D1B8B0048B49A /* ColorCalc_icon_01@2x.png */; };
		766AFD4F1E9D1B8B0048B49A /* ColorCalc_icon_01@3x.png in Resources */ = {isa = PBXBuildFile; fileRef = 766AFD311E9D1B8B0048B49A /* ColorCalc_icon_01@3x.png */; };
		766AFD501E9D1B8B0048B49A /* ColorCalc_icon_02.png in Resources */ = {isa = PBXBuildFile; fileRef = 766AFD321E9D1B8B0048B49A /* ColorCalc_icon_02.png */; };
		766AFD511E9D1B8B0048B49A /* ColorCalc_icon_02@2x.png in Resources */ = {isa = PBXBuildFile; fileRef = 766AFD331E9D1B8B0048B49A /* ColorCalc_icon_02@2x.png */; };
		766AFD521E9D1B8B0048B49A /* ColorCalc_icon_02@3x.png in Resources */ = {isa = PBXBuildFile; fileRef = 766AFD341E9D1B8B0048B49A /* ColorCalc_icon_02@3x.png */; };
		766AFD531E9D1B8B0048B49A /* ColorCalc_icon_03.png in Resources */ = {isa = PBXBuildFile; fileRef = 766AFD351E9D1B8B0048B49A /* ColorCalc_icon_03.png */; };
		766AFD541E9D1B8B0048B49A /* ColorCalc_icon_03@2x.png in Resources */ = {isa = PBXBuildFile; fileRef = 766AFD361E9D1B8B0048B49A /* ColorCalc_icon_03@2x.png */; };
		766AFD551E9D1B8B0048B49A /* ColorCalc_icon_03@3x.png in Resources */ = {isa = PBXBuildFile; fileRef = 766AFD371E9D1B8B0048B49A /* ColorCalc_icon_03@3x.png */; };
		766AFD561E9D1B8B0048B49A /* ColorCalc_icon_04.png in Resources */ = {isa = PBXBuildFile; fileRef = 766AFD381E9D1B8B0048B49A /* ColorCalc_icon_04.png */; };
		766AFD571E9D1B8B0048B49A /* ColorCalc_icon_04@2x.png in Resources */ = {isa = PBXBuildFile; fileRef = 766AFD391E9D1B8B0048B49A /* ColorCalc_icon_04@2x.png */; };
		766AFD581E9D1B8B0048B49A /* ColorCalc_icon_04@3x.png in Resources */ = {isa = PBXBuildFile; fileRef = 766AFD3A1E9D1B8B0048B49A /* ColorCalc_icon_04@3x.png */; };
		766AFD591E9D1B8B0048B49A /* ColorCalc_icon_05.png in Resources */ = {isa = PBXBuildFile; fileRef = 766AFD3B1E9D1B8B0048B49A /* ColorCalc_icon_05.png */; };
		766AFD5A1E9D1B8B0048B49A /* ColorCalc_icon_05@2x.png in Resources */ = {isa = PBXBuildFile; fileRef = 766AFD3C1E9D1B8B0048B49A /* ColorCalc_icon_05@2x.png */; };
		766AFD5B1E9D1B8B0048B49A /* ColorCalc_icon_05@3x.png in Resources */ = {isa = PBXBuildFile; fileRef = 766AFD3D1E9D1B8B0048B49A /* ColorCalc_icon_05@3x.png */; };
		766AFD5C1E9D1B8B0048B49A /* ColorCalc_icon_06.png in Resources */ = {isa = PBXBuildFile; fileRef = 766AFD3E1E9D1B8B0048B49A /* ColorCalc_icon_06.png */; };
		766AFD5D1E9D1B8B0048B49A /* ColorCalc_icon_06@2x.png in Resources */ = {isa = PBXBuildFile; fileRef = 766AFD3F1E9D1B8B0048B49A /* ColorCalc_icon_06@2x.png */; };
		766AFD5E1E9D1B8B0048B49A /* ColorCalc_icon_06@3x.png in Resources */ = {isa = PBXBuildFile; fileRef = 766AFD401E9D1B8B0048B49A /* ColorCalc_icon_06@3x.png */; };
		766AFD5F1E9D1B8B0048B49A /* ColorCalc_icon_07.png in Resources */ = {isa = PBXBuildFile; fileRef = 766AFD411E9D1B8B0048B49A /* ColorCalc_icon_07.png */; };
		766AFD601E9D1B8B0048B49A /* ColorCalc_icon_07@2x.png in Resources */ = {isa = PBXBuildFile; fileRef = 766AFD421E9D1B8B0048B49A /* ColorCalc_icon_07@2x.png */; };
		766AFD611E9D1B8B0048B49A /* ColorCalc_icon_07@3x.png in Resources */ = {isa = PBXBuildFile; fileRef = 766AFD431E9D1B8B0048B49A /* ColorCalc_icon_07@3x.png */; };
		766AFD621E9D1B8B0048B49A /* ColorCalc_icon_08.png in Resources */ = {isa = PBXBuildFile; fileRef = 766AFD441E9D1B8B0048B49A /* ColorCalc_icon_08.png */; };
		766AFD631E9D1B8B0048B49A /* ColorCalc_icon_08@2x.png in Resources */ = {isa = PBXBuildFile; fileRef = 766AFD451E9D1B8B0048B49A /* ColorCalc_icon_08@2x.png */; };
		766AFD641E9D1B8B0048B49A /* ColorCalc_icon_08@3x.png in Resources */ = {isa = PBXBuildFile; fileRef = 766AFD461E9D1B8B0048B49A /* ColorCalc_icon_08@3x.png */; };
		766AFD651E9D1B8B0048B49A /* ColorCalc_icon_09.png in Resources */ = {isa = PBXBuildFile; fileRef = 766AFD471E9D1B8B0048B49A /* ColorCalc_icon_09.png */; };
		766AFD661E9D1B8B0048B49A /* ColorCalc_icon_09@2x.png in Resources */ = {isa = PBXBuildFile; fileRef = 766AFD481E9D1B8B0048B49A /* ColorCalc_icon_09@2x.png */; };
		766AFD671E9D1B8B0048B49A /* ColorCalc_icon_09@3x.png in Resources */ = {isa = PBXBuildFile; fileRef = 766AFD491E9D1B8B0048B49A /* ColorCalc_icon_09@3x.png */; };
		766AFD681E9D1B8B0048B49A /* ColorCalc_icon_10.png in Resources */ = {isa = PBXBuildFile; fileRef = 766AFD4A1E9D1B8B0048B49A /* ColorCalc_icon_10.png */; };
		766AFD691E9D1B8B0048B49A /* ColorCalc_icon_10@2x.png in Resources */ = {isa = PBXBuildFile; fileRef = 766AFD4B1E9D1B8B0048B49A /* ColorCalc_icon_10@2x.png */; };
		766AFD6A1E9D1B8B0048B49A /* ColorCalc_icon_10@3x.png in Resources */ = {isa = PBXBuildFile; fileRef = 766AFD4C1E9D1B8B0048B49A /* ColorCalc_icon_10@3x.png */; };
		76B38E9F1E9E9B9E00D6B2E5 /* ColorCalc_startup.png in Resources */ = {isa = PBXBuildFile; fileRef = 76B38E9E1E9E9B9E00D6B2E5 /* ColorCalc_startup.png */; };
		76D19AFD1E513CCF00B21AA7 /* Settings-15.png in Resources */ = {isa = PBXBuildFile; fileRef = 76D19AFC1E513CCF00B21AA7 /* Settings-15.png */; };
		A6CD10B16E1ABCDD42862541 /* ScientificCalculatorView.swift in Sources */ = {isa = PBXBuildFile; fileRef = 98A1B0AC4CD64C58A630BCF2 /* ScientificCalculatorView.swift */; };
		AA00BB001E512D9100442037 /* HPShared.swift in Sources */ = {isa = PBXBuildFile; fileRef = AA00BB011E512D9100442037 /* HPShared.swift */; };
		AA00CC001E512D9100442037 /* HPFinancialEngine.swift in Sources */ = {isa = PBXBuildFile; fileRef = AA00CC011E512D9100442037 /* HPFinancialEngine.swift */; };
		FF00AA001E512D9100442037 /* HPDesign.swift in Sources */ = {isa = PBXBuildFile; fileRef = FF00AA011E512D9100442037 /* HPDesign.swift */; };
		AA00DD001E512D9100442037 /* HPScientificEngine.swift in Sources */ = {isa = PBXBuildFile; fileRef = AA00DD011E512D9100442037 /* HPScientificEngine.swift */; };
		AA00EE001E512D9100442037 /* TapeView.swift in Sources */ = {isa = PBXBuildFile; fileRef = AA00EE011E512D9100442037 /* TapeView.swift */; };
		CE00EE001E512D9100442037 /* CalculatorEngine.swift in Sources */ = {isa = PBXBuildFile; fileRef = CE00EE011E512D9100442037 /* CalculatorEngine.swift */; };
		CE00FF001E512D9100442037 /* CasioEngine.swift in Sources */ = {isa = PBXBuildFile; fileRef = CE00FF011E512D9100442037 /* CasioEngine.swift */; };
		CE01AA001E512D9100442037 /* CasioCalculatorView.swift in Sources */ = {isa = PBXBuildFile; fileRef = CE01AA011E512D9100442037 /* CasioCalculatorView.swift */; };
		CE02BB011E512D9100442037 /* TI84Engine.swift in Sources */ = {isa = PBXBuildFile; fileRef = CE02BB001E512D9100442037 /* TI84Engine.swift */; };
		CE03CC011E512D9100442037 /* TI84CalculatorView.swift in Sources */ = {isa = PBXBuildFile; fileRef = CE03CC001E512D9100442037 /* TI84CalculatorView.swift */; };
		CE04DD011E512D9100442037 /* CalculatorPickerView.swift in Sources */ = {isa = PBXBuildFile; fileRef = CE04DD001E512D9100442037 /* CalculatorPickerView.swift */; };
		BB01FF001E512D9100442037 /* CalculatorPlusTests.swift in Sources */ = {isa = PBXBuildFile; fileRef = BB01FF011E512D9100442037 /* CalculatorPlusTests.swift */; };
/* End PBXBuildFile section */

/* Begin PBXFileReference section */
		7640BB6C1E7C3D0D009886DE /* FinancialCalculatorView.swift */ = {isa = PBXFileReference; fileEncoding = 4; lastKnownFileType = sourcecode.swift; path = FinancialCalculatorView.swift; sourceTree = "<group>"; };
		76665AA71E512D9100442037 /* CalculatorPlus.app */ = {isa = PBXFileReference; explicitFileType = wrapper.application; includeInIndex = 0; path = CalculatorPlus.app; sourceTree = BUILT_PRODUCTS_DIR; };
		76665AAA1E512D9100442037 /* CalculatorPlusApp.swift */ = {isa = PBXFileReference; lastKnownFileType = sourcecode.swift; path = CalculatorPlusApp.swift; sourceTree = "<group>"; };
		76665AAC1E512D9100442037 /* MainView.swift */ = {isa = PBXFileReference; lastKnownFileType = sourcecode.swift; path = MainView.swift; sourceTree = "<group>"; };
		76665AAF1E512D9100442037 /* Base */ = {isa = PBXFileReference; lastKnownFileType = file.storyboard; name = Base; path = Base.lproj/Main.storyboard; sourceTree = "<group>"; };
		76665AB11E512D9100442037 /* Assets.xcassets */ = {isa = PBXFileReference; lastKnownFileType = folder.assetcatalog; path = Assets.xcassets; sourceTree = "<group>"; };
		76665AB41E512D9100442037 /* Base */ = {isa = PBXFileReference; lastKnownFileType = file.storyboard; name = Base; path = Base.lproj/LaunchScreen.storyboard; sourceTree = "<group>"; };
		76665AB61E512D9100442037 /* Info.plist */ = {isa = PBXFileReference; lastKnownFileType = text.plist.xml; path = Info.plist; sourceTree = "<group>"; };
		766AFD2F1E9D1B8B0048B49A /* ColorCalc_icon_01.png */ = {isa = PBXFileReference; lastKnownFileType = image.png; name = ColorCalc_icon_01.png; path = resources/ColorCalc_icon_01.png; sourceTree = "<group>"; };
		766AFD301E9D1B8B0048B49A /* ColorCalc_icon_01@2x.png */ = {isa = PBXFileReference; lastKnownFileType = image.png; name = "ColorCalc_icon_01@2x.png"; path = "resources/ColorCalc_icon_01@2x.png"; sourceTree = "<group>"; };
		766AFD311E9D1B8B0048B49A /* ColorCalc_icon_01@3x.png */ = {isa = PBXFileReference; lastKnownFileType = image.png; name = "ColorCalc_icon_01@3x.png"; path = "resources/ColorCalc_icon_01@3x.png"; sourceTree = "<group>"; };
		766AFD321E9D1B8B0048B49A /* ColorCalc_icon_02.png */ = {isa = PBXFileReference; lastKnownFileType = image.png; name = ColorCalc_icon_02.png; path = resources/ColorCalc_icon_02.png; sourceTree = "<group>"; };
		766AFD331E9D1B8B0048B49A /* ColorCalc_icon_02@2x.png */ = {isa = PBXFileReference; lastKnownFileType = image.png; name = "ColorCalc_icon_02@2x.png"; path = "resources/ColorCalc_icon_02@2x.png"; sourceTree = "<group>"; };
		766AFD341E9D1B8B0048B49A /* ColorCalc_icon_02@3x.png */ = {isa = PBXFileReference; lastKnownFileType = image.png; name = "ColorCalc_icon_02@3x.png"; path = "resources/ColorCalc_icon_02@3x.png"; sourceTree = "<group>"; };
		766AFD351E9D1B8B0048B49A /* ColorCalc_icon_03.png */ = {isa = PBXFileReference; lastKnownFileType = image.png; name = ColorCalc_icon_03.png; path = resources/ColorCalc_icon_03.png; sourceTree = "<group>"; };
		766AFD361E9D1B8B0048B49A /* ColorCalc_icon_03@2x.png */ = {isa = PBXFileReference; lastKnownFileType = image.png; name = "ColorCalc_icon_03@2x.png"; path = "resources/ColorCalc_icon_03@2x.png"; sourceTree = "<group>"; };
		766AFD371E9D1B8B0048B49A /* ColorCalc_icon_03@3x.png */ = {isa = PBXFileReference; lastKnownFileType = image.png; name = "ColorCalc_icon_03@3x.png"; path = "resources/ColorCalc_icon_03@3x.png"; sourceTree = "<group>"; };
		766AFD381E9D1B8B0048B49A /* ColorCalc_icon_04.png */ = {isa = PBXFileReference; lastKnownFileType = image.png; name = ColorCalc_icon_04.png; path = resources/ColorCalc_icon_04.png; sourceTree = "<group>"; };
		766AFD391E9D1B8B0048B49A /* ColorCalc_icon_04@2x.png */ = {isa = PBXFileReference; lastKnownFileType = image.png; name = "ColorCalc_icon_04@2x.png"; path = "resources/ColorCalc_icon_04@2x.png"; sourceTree = "<group>"; };
		766AFD3A1E9D1B8B0048B49A /* ColorCalc_icon_04@3x.png */ = {isa = PBXFileReference; lastKnownFileType = image.png; name = "ColorCalc_icon_04@3x.png"; path = "resources/ColorCalc_icon_04@3x.png"; sourceTree = "<group>"; };
		766AFD3B1E9D1B8B0048B49A /* ColorCalc_icon_05.png */ = {isa = PBXFileReference; lastKnownFileType = image.png; name = ColorCalc_icon_05.png; path = resources/ColorCalc_icon_05.png; sourceTree = "<group>"; };
		766AFD3C1E9D1B8B0048B49A /* ColorCalc_icon_05@2x.png */ = {isa = PBXFileReference; lastKnownFileType = image.png; name = "ColorCalc_icon_05@2x.png"; path = "resources/ColorCalc_icon_05@2x.png"; sourceTree = "<group>"; };
		766AFD3D1E9D1B8B0048B49A /* ColorCalc_icon_05@3x.png */ = {isa = PBXFileReference; lastKnownFileType = image.png; name = "ColorCalc_icon_05@3x.png"; path = "resources/ColorCalc_icon_05@3x.png"; sourceTree = "<group>"; };
		766AFD3E1E9D1B8B0048B49A /* ColorCalc_icon_06.png */ = {isa = PBXFileReference; lastKnownFileType = image.png; name = ColorCalc_icon_06.png; path = resources/ColorCalc_icon_06.png; sourceTree = "<group>"; };
		766AFD3F1E9D1B8B0048B49A /* ColorCalc_icon_06@2x.png */ = {isa = PBXFileReference; lastKnownFileType = image.png; name = "ColorCalc_icon_06@2x.png"; path = "resources/ColorCalc_icon_06@2x.png"; sourceTree = "<group>"; };
		766AFD401E9D1B8B0048B49A /* ColorCalc_icon_06@3x.png */ = {isa = PBXFileReference; lastKnownFileType = image.png; name = "ColorCalc_icon_06@3x.png"; path = "resources/ColorCalc_icon_06@3x.png"; sourceTree = "<group>"; };
		766AFD411E9D1B8B0048B49A /* ColorCalc_icon_07.png */ = {isa = PBXFileReference; lastKnownFileType = image.png; name = ColorCalc_icon_07.png; path = resources/ColorCalc_icon_07.png; sourceTree = "<group>"; };
		766AFD421E9D1B8B0048B49A /* ColorCalc_icon_07@2x.png */ = {isa = PBXFileReference; lastKnownFileType = image.png; name = "ColorCalc_icon_07@2x.png"; path = "resources/ColorCalc_icon_07@2x.png"; sourceTree = "<group>"; };
		766AFD431E9D1B8B0048B49A /* ColorCalc_icon_07@3x.png */ = {isa = PBXFileReference; lastKnownFileType = image.png; name = "ColorCalc_icon_07@3x.png"; path = "resources/ColorCalc_icon_07@3x.png"; sourceTree = "<group>"; };
		766AFD441E9D1B8B0048B49A /* ColorCalc_icon_08.png */ = {isa = PBXFileReference; lastKnownFileType = image.png; name = ColorCalc_icon_08.png; path = resources/ColorCalc_icon_08.png; sourceTree = "<group>"; };
		766AFD451E9D1B8B0048B49A /* ColorCalc_icon_08@2x.png */ = {isa = PBXFileReference; lastKnownFileType = image.png; name = "ColorCalc_icon_08@2x.png"; path = "resources/ColorCalc_icon_08@2x.png"; sourceTree = "<group>"; };
		766AFD461E9D1B8B0048B49A /* ColorCalc_icon_08@3x.png */ = {isa = PBXFileReference; lastKnownFileType = image.png; name = "ColorCalc_icon_08@3x.png"; path = "resources/ColorCalc_icon_08@3x.png"; sourceTree = "<group>"; };
		766AFD471E9D1B8B0048B49A /* ColorCalc_icon_09.png */ = {isa = PBXFileReference; lastKnownFileType = image.png; name = ColorCalc_icon_09.png; path = resources/ColorCalc_icon_09.png; sourceTree = "<group>"; };
		766AFD481E9D1B8B0048B49A /* ColorCalc_icon_09@2x.png */ = {isa = PBXFileReference; lastKnownFileType = image.png; name = "ColorCalc_icon_09@2x.png"; path = "resources/ColorCalc_icon_09@2x.png"; sourceTree = "<group>"; };
		766AFD491E9D1B8B0048B49A /* ColorCalc_icon_09@3x.png */ = {isa = PBXFileReference; lastKnownFileType = image.png; name = "ColorCalc_icon_09@3x.png"; path = "resources/ColorCalc_icon_09@3x.png"; sourceTree = "<group>"; };
		766AFD4A1E9D1B8B0048B49A /* ColorCalc_icon_10.png */ = {isa = PBXFileReference; lastKnownFileType = image.png; name = ColorCalc_icon_10.png; path = resources/ColorCalc_icon_10.png; sourceTree = "<group>"; };
		766AFD4B1E9D1B8B0048B49A /* ColorCalc_icon_10@2x.png */ = {isa = PBXFileReference; lastKnownFileType = image.png; name = "ColorCalc_icon_10@2x.png"; path = "resources/ColorCalc_icon_10@2x.png"; sourceTree = "<group>"; };
		766AFD4C1E9D1B8B0048B49A /* ColorCalc_icon_10@3x.png */ = {isa = PBXFileReference; lastKnownFileType = image.png; name = "ColorCalc_icon_10@3x.png"; path = "resources/ColorCalc_icon_10@3x.png"; sourceTree = "<group>"; };
		76B38E9E1E9E9B9E00D6B2E5 /* ColorCalc_startup.png */ = {isa = PBXFileReference; lastKnownFileType = image.png; path = ColorCalc_startup.png; sourceTree = "<group>"; };
		76D19AFC1E513CCF00B21AA7 /* Settings-15.png */ = {isa = PBXFileReference; lastKnownFileType = image.png; path = "Settings-15.png"; sourceTree = "<group>"; };
		98A1B0AC4CD64C58A630BCF2 /* ScientificCalculatorView.swift */ = {isa = PBXFileReference; includeInIndex = 1; lastKnownFileType = sourcecode.swift; path = ScientificCalculatorView.swift; sourceTree = "<group>"; };
		AA00BB011E512D9100442037 /* HPShared.swift */ = {isa = PBXFileReference; includeInIndex = 1; lastKnownFileType = sourcecode.swift; path = HPShared.swift; sourceTree = "<group>"; };
		AA00CC011E512D9100442037 /* HPFinancialEngine.swift */ = {isa = PBXFileReference; includeInIndex = 1; lastKnownFileType = sourcecode.swift; path = HPFinancialEngine.swift; sourceTree = "<group>"; };
		FF00AA011E512D9100442037 /* HPDesign.swift */ = {isa = PBXFileReference; includeInIndex = 1; lastKnownFileType = sourcecode.swift; path = HPDesign.swift; sourceTree = "<group>"; };
		AA00DD011E512D9100442037 /* HPScientificEngine.swift */ = {isa = PBXFileReference; includeInIndex = 1; lastKnownFileType = sourcecode.swift; path = HPScientificEngine.swift; sourceTree = "<group>"; };
		AA00EE011E512D9100442037 /* TapeView.swift */ = {isa = PBXFileReference; includeInIndex = 1; lastKnownFileType = sourcecode.swift; path = TapeView.swift; sourceTree = "<group>"; };
		CE00EE011E512D9100442037 /* CalculatorEngine.swift */ = {isa = PBXFileReference; includeInIndex = 1; lastKnownFileType = sourcecode.swift; path = CalculatorEngine.swift; sourceTree = "<group>"; };
		CE00FF011E512D9100442037 /* CasioEngine.swift */ = {isa = PBXFileReference; includeInIndex = 1; lastKnownFileType = sourcecode.swift; path = CasioEngine.swift; sourceTree = "<group>"; };
		CE01AA011E512D9100442037 /* CasioCalculatorView.swift */ = {isa = PBXFileReference; includeInIndex = 1; lastKnownFileType = sourcecode.swift; path = CasioCalculatorView.swift; sourceTree = "<group>"; };
		CE02BB001E512D9100442037 /* TI84Engine.swift */ = {isa = PBXFileReference; includeInIndex = 1; lastKnownFileType = sourcecode.swift; path = TI84Engine.swift; sourceTree = "<group>"; };
		CE03CC001E512D9100442037 /* TI84CalculatorView.swift */ = {isa = PBXFileReference; includeInIndex = 1; lastKnownFileType = sourcecode.swift; path = TI84CalculatorView.swift; sourceTree = "<group>"; };
		CE04DD001E512D9100442037 /* CalculatorPickerView.swift */ = {isa = PBXFileReference; lastKnownFileType = sourcecode.swift; path = CalculatorPickerView.swift; sourceTree = "<group>"; };
		BB01FF011E512D9100442037 /* CalculatorPlusTests.swift */ = {isa = PBXFileReference; lastKnownFileType = sourcecode.swift; path = CalculatorPlusTests.swift; sourceTree = "<group>"; };
		BB03FF061E512D9100442037 /* CalculatorPlusTests.xctest */ = {isa = PBXFileReference; explicitFileType = wrapper.cfbundle; includeInIndex = 0; path = CalculatorPlusTests.xctest; sourceTree = BUILT_PRODUCTS_DIR; };
		F7216AA91ADBC7F46F1E92BD /* StandardCalculatorView.swift */ = {isa = PBXFileReference; includeInIndex = 1; lastKnownFileType = sourcecode.swift; path = StandardCalculatorView.swift; sourceTree = "<group>"; };
/* End PBXFileReference section */

/* Begin PBXFrameworksBuildPhase section */
		76665AA41E512D9100442037 /* Frameworks */ = {
			isa = PBXFrameworksBuildPhase;
			buildActionMask = 2147483647;
			files = (
			);
			runOnlyForDeploymentPostprocessing = 0;
		};
		BB03FF021E512D9100442037 /* Frameworks */ = {
			isa = PBXFrameworksBuildPhase;
			buildActionMask = 2147483647;
			files = (
			);
			runOnlyForDeploymentPostprocessing = 0;
		};
/* End PBXFrameworksBuildPhase section */

/* Begin PBXGroup section */
		76665A9E1E512D9100442037 = {
			isa = PBXGroup;
			children = (
				76665AA91E512D9100442037 /* CalculatorPlus */,
				BB02FF001E512D9100442037 /* CalculatorPlusTests */,
				76665AA81E512D9100442037 /* Products */,
			);
			sourceTree = "<group>";
		};
		76665AA81E512D9100442037 /* Products */ = {
			isa = PBXGroup;
			children = (
				76665AA71E512D9100442037 /* CalculatorPlus.app */,
				BB03FF061E512D9100442037 /* CalculatorPlusTests.xctest */,
			);
			name = Products;
			sourceTree = "<group>";
		};
		76665AA91E512D9100442037 /* CalculatorPlus */ = {
			isa = PBXGroup;
			children = (
				76BDBC631E9C029900CF2785 /* resources */,
				76665AAA1E512D9100442037 /* CalculatorPlusApp.swift */,
				76665AAC1E512D9100442037 /* MainView.swift */,
				7640BB6C1E7C3D0D009886DE /* FinancialCalculatorView.swift */,
				76665AAE1E512D9100442037 /* Main.storyboard */,
				76665AB11E512D9100442037 /* Assets.xcassets */,
				76B38E9E1E9E9B9E00D6B2E5 /* ColorCalc_startup.png */,
				76D19AFC1E513CCF00B21AA7 /* Settings-15.png */,
				76665AB31E512D9100442037 /* LaunchScreen.storyboard */,
				76665AB61E512D9100442037 /* Info.plist */,
				F7216AA91ADBC7F46F1E92BD /* StandardCalculatorView.swift */,
				98A1B0AC4CD64C58A630BCF2 /* ScientificCalculatorView.swift */,
				AA00BB011E512D9100442037 /* HPShared.swift */,
				AA00CC011E512D9100442037 /* HPFinancialEngine.swift */,
				AA00DD011E512D9100442037 /* HPScientificEngine.swift */,
				FF00AA011E512D9100442037 /* HPDesign.swift */,
				AA00EE011E512D9100442037 /* TapeView.swift */,
				CE00EE011E512D9100442037 /* CalculatorEngine.swift */,
				CE00FF011E512D9100442037 /* CasioEngine.swift */,
				CE01AA011E512D9100442037 /* CasioCalculatorView.swift */,
				CE02BB001E512D9100442037 /* TI84Engine.swift */,
				CE03CC001E512D9100442037 /* TI84CalculatorView.swift */,
				CE04DD001E512D9100442037 /* CalculatorPickerView.swift */,
			);
			path = CalculatorPlus;
			sourceTree = "<group>";
		};
		76BDBC631E9C029900CF2785 /* resources */ = {
			isa = PBXGroup;
			children = (
				766AFD2F1E9D1B8B0048B49A /* ColorCalc_icon_01.png */,
				766AFD301E9D1B8B0048B49A /* ColorCalc_icon_01@2x.png */,
				766AFD311E9D1B8B0048B49A /* ColorCalc_icon_01@3x.png */,
				766AFD321E9D1B8B0048B49A /* ColorCalc_icon_02.png */,
				766AFD331E9D1B8B0048B49A /* ColorCalc_icon_02@2x.png */,
				766AFD341E9D1B8B0048B49A /* ColorCalc_icon_02@3x.png */,
				766AFD351E9D1B8B0048B49A /* ColorCalc_icon_03.png */,
				766AFD361E9D1B8B0048B49A /* ColorCalc_icon_03@2x.png */,
				766AFD371E9D1B8B0048B49A /* ColorCalc_icon_03@3x.png */,
				766AFD381E9D1B8B0048B49A /* ColorCalc_icon_04.png */,
				766AFD391E9D1B8B0048B49A /* ColorCalc_icon_04@2x.png */,
				766AFD3A1E9D1B8B0048B49A /* ColorCalc_icon_04@3x.png */,
				766AFD3B1E9D1B8B0048B49A /* ColorCalc_icon_05.png */,
				766AFD3C1E9D1B8B0048B49A /* ColorCalc_icon_05@2x.png */,
				766AFD3D1E9D1B8B0048B49A /* ColorCalc_icon_05@3x.png */,
				766AFD3E1E9D1B8B0048B49A /* ColorCalc_icon_06.png */,
				766AFD3F1E9D1B8B0048B49A /* ColorCalc_icon_06@2x.png */,
				766AFD401E9D1B8B0048B49A /* ColorCalc_icon_06@3x.png */,
				766AFD411E9D1B8B0048B49A /* ColorCalc_icon_07.png */,
				766AFD421E9D1B8B0048B49A /* ColorCalc_icon_07@2x.png */,
				766AFD431E9D1B8B0048B49A /* ColorCalc_icon_07@3x.png */,
				766AFD441E9D1B8B0048B49A /* ColorCalc_icon_08.png */,
				766AFD451E9D1B8B0048B49A /* ColorCalc_icon_08@2x.png */,
				766AFD461E9D1B8B0048B49A /* ColorCalc_icon_08@3x.png */,
				766AFD471E9D1B8B0048B49A /* ColorCalc_icon_09.png */,
				766AFD481E9D1B8B0048B49A /* ColorCalc_icon_09@2x.png */,
				766AFD491E9D1B8B0048B49A /* ColorCalc_icon_09@3x.png */,
				766AFD4A1E9D1B8B0048B49A /* ColorCalc_icon_10.png */,
				766AFD4B1E9D1B8B0048B49A /* ColorCalc_icon_10@2x.png */,
				766AFD4C1E9D1B8B0048B49A /* ColorCalc_icon_10@3x.png */,
			);
			name = resources;
			sourceTree = "<group>";
		};
		BB02FF001E512D9100442037 /* CalculatorPlusTests */ = {
			isa = PBXGroup;
			children = (
				BB01FF011E512D9100442037 /* CalculatorPlusTests.swift */,
			);
			path = CalculatorPlusTests;
			sourceTree = "<group>";
		};
/* End PBXGroup section */

/* Begin PBXNativeTarget section */
		76665AA61E512D9100442037 /* CalculatorPlus */ = {
			isa = PBXNativeTarget;
			buildConfigurationList = 76665AB91E512D9100442037 /* Build configuration list for PBXNativeTarget "CalculatorPlus" */;
			buildPhases = (
				76665AA31E512D9100442037 /* Sources */,
				76665AA41E512D9100442037 /* Frameworks */,
				76665AA51E512D9100442037 /* Resources */,
			);
			buildRules = (
			);
			dependencies = (
			);
			name = CalculatorPlus;
			productName = ColorCalc;
			productReference = 76665AA71E512D9100442037 /* CalculatorPlus.app */;
			productType = "com.apple.product-type.application";
		};
		BB03FF001E512D9100442037 /* CalculatorPlusTests */ = {
			isa = PBXNativeTarget;
			buildConfigurationList = BB03FF051E512D9100442037 /* Build configuration list for PBXNativeTarget "CalculatorPlusTests" */;
			buildPhases = (
				BB03FF011E512D9100442037 /* Sources */,
				BB03FF021E512D9100442037 /* Frameworks */,
			);
			buildRules = (
			);
			dependencies = (
			);
			name = CalculatorPlusTests;
			productName = CalculatorPlusTests;
			productReference = BB03FF061E512D9100442037 /* CalculatorPlusTests.xctest */;
			productType = "com.apple.product-type.bundle.unit-test";
		};
/* End PBXNativeTarget section */

/* Begin PBXProject section */
		76665A9F1E512D9100442037 /* Project object */ = {
			isa = PBXProject;
			attributes = {
				BuildIndependentTargetsInParallel = YES;
				LastSwiftUpdateCheck = 0820;
				LastUpgradeCheck = 2640;
				ORGANIZATIONNAME = "Spectrum Image, LLC";
				TargetAttributes = {
					76665AA61E512D9100442037 = {
						CreatedOnToolsVersion = 8.2.1;
						ProvisioningStyle = Automatic;
					};
					BB03FF001E512D9100442037 = {
						CreatedOnToolsVersion = 15.0;
						ProvisioningStyle = Automatic;
						TestTargetID = 76665AA61E512D9100442037;
					};
				};
			};
			buildConfigurationList = 76665AA21E512D9100442037 /* Build configuration list for PBXProject "CalculatorPlus" */;
			compatibilityVersion = "Xcode 3.2";
			developmentRegion = en;
			hasScannedForEncodings = 0;
			knownRegions = (
				en,
				Base,
			);
			mainGroup = 76665A9E1E512D9100442037;
			productRefGroup = 76665AA81E512D9100442037 /* Products */;
			projectDirPath = "";
			projectRoot = "";
			targets = (
				76665AA61E512D9100442037 /* CalculatorPlus */,
				BB03FF001E512D9100442037 /* CalculatorPlusTests */,
			);
		};
/* End PBXProject section */

/* Begin PBXResourcesBuildPhase section */
		76665AA51E512D9100442037 /* Resources */ = {
			isa = PBXResourcesBuildPhase;
			buildActionMask = 2147483647;
			files = (
				766AFD4F1E9D1B8B0048B49A /* ColorCalc_icon_01@3x.png in Resources */,
				766AFD541E9D1B8B0048B49A /* ColorCalc_icon_03@2x.png in Resources */,
				766AFD681E9D1B8B0048B49A /* ColorCalc_icon_10.png in Resources */,
				766AFD651E9D1B8B0048B49A /* ColorCalc_icon_09.png in Resources */,
				766AFD611E9D1B8B0048B49A /* ColorCalc_icon_07@3x.png in Resources */,
				76665AB51E512D9100442037 /* LaunchScreen.storyboard in Resources */,
				766AFD581E9D1B8B0048B49A /* ColorCalc_icon_04@3x.png in Resources */,
				766AFD571E9D1B8B0048B49A /* ColorCalc_icon_04@2x.png in Resources */,
				766AFD5E1E9D1B8B0048B49A /* ColorCalc_icon_06@3x.png in Resources */,
				766AFD691E9D1B8B0048B49A /* ColorCalc_icon_10@2x.png in Resources */,
				766AFD4E1E9D1B8B0048B49A /* ColorCalc_icon_01@2x.png in Resources */,
				766AFD631E9D1B8B0048B49A /* ColorCalc_icon_08@2x.png in Resources */,
				766AFD5B1E9D1B8B0048B49A /* ColorCalc_icon_05@3x.png in Resources */,
				766AFD621E9D1B8B0048B49A /* ColorCalc_icon_08.png in Resources */,
				766AFD5C1E9D1B8B0048B49A /* ColorCalc_icon_06.png in Resources */,
				766AFD531E9D1B8B0048B49A /* ColorCalc_icon_03.png in Resources */,
				766AFD6A1E9D1B8B0048B49A /* ColorCalc_icon_10@3x.png in Resources */,
				766AFD501E9D1B8B0048B49A /* ColorCalc_icon_02.png in Resources */,
				76665AB21E512D9100442037 /* Assets.xcassets in Resources */,
				766AFD561E9D1B8B0048B49A /* ColorCalc_icon_04.png in Resources */,
				766AFD511E9D1B8B0048B49A /* ColorCalc_icon_02@2x.png in Resources */,
				76B38E9F1E9E9B9E00D6B2E5 /* ColorCalc_startup.png in Resources */,
				766AFD5F1E9D1B8B0048B49A /* ColorCalc_icon_07.png in Resources */,
				766AFD5D1E9D1B8B0048B49A /* ColorCalc_icon_06@2x.png in Resources */,
				766AFD641E9D1B8B0048B49A /* ColorCalc_icon_08@3x.png in Resources */,
				766AFD671E9D1B8B0048B49A /* ColorCalc_icon_09@3x.png in Resources */,
				766AFD5A1E9D1B8B0048B49A /* ColorCalc_icon_05@2x.png in Resources */,
				766AFD4D1E9D1B8B0048B49A /* ColorCalc_icon_01.png in Resources */,
				766AFD521E9D1B8B0048B49A /* ColorCalc_icon_02@3x.png in Resources */,
				766AFD551E9D1B8B0048B49A /* ColorCalc_icon_03@3x.png in Resources */,
				76D19AFD1E513CCF00B21AA7 /* Settings-15.png in Resources */,
				766AFD601E9D1B8B0048B49A /* ColorCalc_icon_07@2x.png in Resources */,
				766AFD661E9D1B8B0048B49A /* ColorCalc_icon_09@2x.png in Resources */,
				76665AB01E512D9100442037 /* Main.storyboard in Resources */,
				766AFD591E9D1B8B0048B49A /* ColorCalc_icon_05.png in Resources */,
			);
			runOnlyForDeploymentPostprocessing = 0;
		};
/* End PBXResourcesBuildPhase section */

/* Begin PBXSourcesBuildPhase section */
		76665AA31E512D9100442037 /* Sources */ = {
			isa = PBXSourcesBuildPhase;
			buildActionMask = 2147483647;
			files = (
				76665AAD1E512D9100442037 /* MainView.swift in Sources */,
				76665AAB1E512D9100442037 /* CalculatorPlusApp.swift in Sources */,
				7640BB6D1E7C3D0D009886DE /* FinancialCalculatorView.swift in Sources */,
				040CF18AA4101C200CA73664 /* StandardCalculatorView.swift in Sources */,
				A6CD10B16E1ABCDD42862541 /* ScientificCalculatorView.swift in Sources */,
				AA00BB001E512D9100442037 /* HPShared.swift in Sources */,
				AA00CC001E512D9100442037 /* HPFinancialEngine.swift in Sources */,
				AA00DD001E512D9100442037 /* HPScientificEngine.swift in Sources */,
				FF00AA001E512D9100442037 /* HPDesign.swift in Sources */,
				AA00EE001E512D9100442037 /* TapeView.swift in Sources */,
				CE00EE001E512D9100442037 /* CalculatorEngine.swift in Sources */,
				CE00FF001E512D9100442037 /* CasioEngine.swift in Sources */,
				CE01AA001E512D9100442037 /* CasioCalculatorView.swift in Sources */,
				CE02BB011E512D9100442037 /* TI84Engine.swift in Sources */,
				CE03CC011E512D9100442037 /* TI84CalculatorView.swift in Sources */,
				CE04DD011E512D9100442037 /* CalculatorPickerView.swift in Sources */,
			);
			runOnlyForDeploymentPostprocessing = 0;
		};
		BB03FF011E512D9100442037 /* Sources */ = {
			isa = PBXSourcesBuildPhase;
			buildActionMask = 2147483647;
			files = (
				BB01FF001E512D9100442037 /* CalculatorPlusTests.swift in Sources */,
			);
			runOnlyForDeploymentPostprocessing = 0;
		};
/* End PBXSourcesBuildPhase section */

/* Begin PBXVariantGroup section */
		76665AAE1E512D9100442037 /* Main.storyboard */ = {
			isa = PBXVariantGroup;
			children = (
				76665AAF1E512D9100442037 /* Base */,
			);
			name = Main.storyboard;
			sourceTree = "<group>";
		};
		76665AB31E512D9100442037 /* LaunchScreen.storyboard */ = {
			isa = PBXVariantGroup;
			children = (
				76665AB41E512D9100442037 /* Base */,
			);
			name = LaunchScreen.storyboard;
			sourceTree = "<group>";
		};
/* End PBXVariantGroup section */

/* Begin XCBuildConfiguration section */
		76665AB71E512D9100442037 /* Debug */ = {
			isa = XCBuildConfiguration;
			buildSettings = {
				ALWAYS_SEARCH_USER_PATHS = NO;
				CLANG_ANALYZER_NONNULL = YES;
				CLANG_CXX_LANGUAGE_STANDARD = "gnu++0x";
				CLANG_CXX_LIBRARY = "libc++";
				CLANG_ENABLE_MODULES = YES;
				CLANG_ENABLE_OBJC_ARC = YES;
				CLANG_WARN_BLOCK_CAPTURE_AUTORELEASING = YES;
				CLANG_WARN_BOOL_CONVERSION = YES;
				CLANG_WARN_COMMA = YES;
				CLANG_WARN_CONSTANT_CONVERSION = YES;
				CLANG_WARN_DEPRECATED_OBJC_IMPLEMENTATIONS = YES;
				CLANG_WARN_DIRECT_OBJC_ISA_USAGE = YES_ERROR;
				CLANG_WARN_DOCUMENTATION_COMMENTS = YES;
				CLANG_WARN_EMPTY_BODY = YES;
				CLANG_WARN_ENUM_CONVERSION = YES;
				CLANG_WARN_INFINITE_RECURSION = YES;
				CLANG_WARN_INT_CONVERSION = YES;
				CLANG_WARN_NON_LITERAL_NULL_CONVERSION = YES;
				CLANG_WARN_OBJC_IMPLICIT_RETAIN_SELF = YES;
				CLANG_WARN_OBJC_LITERAL_CONVERSION = YES;
				CLANG_WARN_OBJC_ROOT_CLASS = YES_ERROR;
				CLANG_WARN_QUOTED_INCLUDE_IN_FRAMEWORK_HEADER = YES;
				CLANG_WARN_RANGE_LOOP_ANALYSIS = YES;
				CLANG_WARN_STRICT_PROTOTYPES = YES;
				CLANG_WARN_SUSPICIOUS_MOVE = YES;
				CLANG_WARN_UNREACHABLE_CODE = YES;
				CLANG_WARN__DUPLICATE_METHOD_MATCH = YES;
				"CODE_SIGN_IDENTITY[sdk=iphoneos*]" = "iPhone Developer";
				COPY_PHASE_STRIP = NO;
				DEBUG_INFORMATION_FORMAT = dwarf;
				DEVELOPMENT_TEAM = DT58WA8N32;
				ENABLE_STRICT_OBJC_MSGSEND = YES;
				ENABLE_TESTABILITY = YES;
				ENABLE_USER_SCRIPT_SANDBOXING = YES;
				GCC_C_LANGUAGE_STANDARD = gnu99;
				GCC_DYNAMIC_NO_PIC = NO;
				GCC_NO_COMMON_BLOCKS = YES;
				GCC_OPTIMIZATION_LEVEL = 0;
				GCC_PREPROCESSOR_DEFINITIONS = (
					"DEBUG=1",
					"$(inherited)",
				);
				GCC_WARN_64_TO_32_BIT_CONVERSION = YES;
				GCC_WARN_ABOUT_RETURN_TYPE = YES_ERROR;
				GCC_WARN_UNDECLARED_SELECTOR = YES;
				GCC_WARN_UNINITIALIZED_AUTOS = YES_AGGRESSIVE;
				GCC_WARN_UNUSED_FUNCTION = YES;
				GCC_WARN_UNUSED_VARIABLE = YES;
				IPHONEOS_DEPLOYMENT_TARGET = 12.0;
				MTL_ENABLE_DEBUG_INFO = YES;
				ONLY_ACTIVE_ARCH = YES;
				SDKROOT = iphoneos;
				STRING_CATALOG_GENERATE_SYMBOLS = YES;
				SWIFT_ACTIVE_COMPILATION_CONDITIONS = DEBUG;
				SWIFT_OPTIMIZATION_LEVEL = "-Onone";
				TARGETED_DEVICE_FAMILY = "1,2";
			};
			name = Debug;
		};
		76665AB81E512D9100442037 /* Release */ = {
			isa = XCBuildConfiguration;
			buildSettings = {
				ALWAYS_SEARCH_USER_PATHS = NO;
				CLANG_ANALYZER_NONNULL = YES;
				CLANG_CXX_LANGUAGE_STANDARD = "gnu++0x";
				CLANG_CXX_LIBRARY = "libc++";
				CLANG_ENABLE_MODULES = YES;
				CLANG_ENABLE_OBJC_ARC = YES;
				CLANG_WARN_BLOCK_CAPTURE_AUTORELEASING = YES;
				CLANG_WARN_BOOL_CONVERSION = YES;
				CLANG_WARN_COMMA = YES;
				CLANG_WARN_CONSTANT_CONVERSION = YES;
				CLANG_WARN_DEPRECATED_OBJC_IMPLEMENTATIONS = YES;
				CLANG_WARN_DIRECT_OBJC_ISA_USAGE = YES_ERROR;
				CLANG_WARN_DOCUMENTATION_COMMENTS = YES;
				CLANG_WARN_EMPTY_BODY = YES;
				CLANG_WARN_ENUM_CONVERSION = YES;
				CLANG_WARN_INFINITE_RECURSION = YES;
				CLANG_WARN_INT_CONVERSION = YES;
				CLANG_WARN_NON_LITERAL_NULL_CONVERSION = YES;
				CLANG_WARN_OBJC_IMPLICIT_RETAIN_SELF = YES;
				CLANG_WARN_OBJC_LITERAL_CONVERSION = YES;
				CLANG_WARN_OBJC_ROOT_CLASS = YES_ERROR;
				CLANG_WARN_QUOTED_INCLUDE_IN_FRAMEWORK_HEADER = YES;
				CLANG_WARN_RANGE_LOOP_ANALYSIS = YES;
				CLANG_WARN_STRICT_PROTOTYPES = YES;
				CLANG_WARN_SUSPICIOUS_MOVE = YES;
				CLANG_WARN_UNREACHABLE_CODE = YES;
				CLANG_WARN__DUPLICATE_METHOD_MATCH = YES;
				"CODE_SIGN_IDENTITY[sdk=iphoneos*]" = "iPhone Developer";
				COPY_PHASE_STRIP = NO;
				DEBUG_INFORMATION_FORMAT = "dwarf-with-dsym";
				DEVELOPMENT_TEAM = DT58WA8N32;
				ENABLE_NS_ASSERTIONS = NO;
				ENABLE_STRICT_OBJC_MSGSEND = YES;
				ENABLE_USER_SCRIPT_SANDBOXING = YES;
				GCC_C_LANGUAGE_STANDARD = gnu99;
				GCC_NO_COMMON_BLOCKS = YES;
				GCC_WARN_64_TO_32_BIT_CONVERSION = YES;
				GCC_WARN_ABOUT_RETURN_TYPE = YES_ERROR;
				GCC_WARN_UNDECLARED_SELECTOR = YES;
				GCC_WARN_UNINITIALIZED_AUTOS = YES_AGGRESSIVE;
				GCC_WARN_UNUSED_FUNCTION = YES;
				GCC_WARN_UNUSED_VARIABLE = YES;
				IPHONEOS_DEPLOYMENT_TARGET = 12.0;
				MTL_ENABLE_DEBUG_INFO = NO;
				SDKROOT = iphoneos;
				STRING_CATALOG_GENERATE_SYMBOLS = YES;
				SWIFT_COMPILATION_MODE = wholemodule;
				SWIFT_OPTIMIZATION_LEVEL = "-O";
				TARGETED_DEVICE_FAMILY = "1,2";
				VALIDATE_PRODUCT = YES;
			};
			name = Release;
		};
		76665ABA1E512D9100442037 /* Debug */ = {
			isa = XCBuildConfiguration;
			buildSettings = {
				ASSETCATALOG_COMPILER_APPICON_NAME = AppIcon;
				GENERATE_INFOPLIST = YES;
				INFOPLIST_FILE = CalculatorPlus/Info.plist;
				INFOPLIST_KEY_LSApplicationCategoryType = "public.app-category.utilities";
				INFOPLIST_KEY_UIApplicationSceneManifest_Generation = YES;
				INFOPLIST_KEY_UILaunchScreen_Generation = YES;
				IPHONEOS_DEPLOYMENT_TARGET = 17.0;
				LD_RUNPATH_SEARCH_PATHS = (
					"$(inherited)",
					"@executable_path/Frameworks",
				);
				PRODUCT_BUNDLE_IDENTIFIER = com.ridepro.CalculatorPlus;
				PRODUCT_NAME = "$(TARGET_NAME)";
				SWIFT_VERSION = 5.0;
				TARGETED_DEVICE_FAMILY = 1;
			};
			name = Debug;
		};
		76665ABB1E512D9100442037 /* Release */ = {
			isa = XCBuildConfiguration;
			buildSettings = {
				ASSETCATALOG_COMPILER_APPICON_NAME = AppIcon;
				GENERATE_INFOPLIST = YES;
				INFOPLIST_FILE = CalculatorPlus/Info.plist;
				INFOPLIST_KEY_LSApplicationCategoryType = "public.app-category.utilities";
				INFOPLIST_KEY_UIApplicationSceneManifest_Generation = YES;
				INFOPLIST_KEY_UILaunchScreen_Generation = YES;
				IPHONEOS_DEPLOYMENT_TARGET = 17.0;
				LD_RUNPATH_SEARCH_PATHS = (
					"$(inherited)",
					"@executable_path/Frameworks",
				);
				PRODUCT_BUNDLE_IDENTIFIER = com.ridepro.CalculatorPlus;
				PRODUCT_NAME = "$(TARGET_NAME)";
				SWIFT_VERSION = 5.0;
				TARGETED_DEVICE_FAMILY = 1;
			};
			name = Release;
		};
		BB03FF031E512D9100442037 /* Debug */ = {
			isa = XCBuildConfiguration;
			buildSettings = {
				BUNDLE_LOADER = "$(TEST_HOST)";
				DEVELOPMENT_TEAM = DT58WA8N32;
				GENERATE_INFOPLIST_FILE = YES;
				IPHONEOS_DEPLOYMENT_TARGET = 17.0;
				PRODUCT_BUNDLE_IDENTIFIER = com.ridepro.CalculatorPlusTests;
				PRODUCT_NAME = "$(TARGET_NAME)";
				SWIFT_VERSION = 5.0;
				TARGETED_DEVICE_FAMILY = 1;
				TEST_HOST = "$(BUILT_PRODUCTS_DIR)/CalculatorPlus.app/$(BUNDLE_EXECUTABLE_FOLDER_PATH)/CalculatorPlus";
			};
			name = Debug;
		};
		BB03FF041E512D9100442037 /* Release */ = {
			isa = XCBuildConfiguration;
			buildSettings = {
				BUNDLE_LOADER = "$(TEST_HOST)";
				DEVELOPMENT_TEAM = DT58WA8N32;
				GENERATE_INFOPLIST_FILE = YES;
				IPHONEOS_DEPLOYMENT_TARGET = 17.0;
				PRODUCT_BUNDLE_IDENTIFIER = com.ridepro.CalculatorPlusTests;
				PRODUCT_NAME = "$(TARGET_NAME)";
				SWIFT_VERSION = 5.0;
				TARGETED_DEVICE_FAMILY = 1;
				TEST_HOST = "$(BUILT_PRODUCTS_DIR)/CalculatorPlus.app/$(BUNDLE_EXECUTABLE_FOLDER_PATH)/CalculatorPlus";
			};
			name = Release;
		};
/* End XCBuildConfiguration section */

/* Begin XCConfigurationList section */
		76665AA21E512D9100442037 /* Build configuration list for PBXProject "CalculatorPlus" */ = {
			isa = XCConfigurationList;
			buildConfigurations = (
				76665AB71E512D9100442037 /* Debug */,
				76665AB81E512D9100442037 /* Release */,
			);
			defaultConfigurationIsVisible = 0;
			defaultConfigurationName = Release;
		};
		76665AB91E512D9100442037 /* Build configuration list for PBXNativeTarget "CalculatorPlus" */ = {
			isa = XCConfigurationList;
			buildConfigurations = (
				76665ABA1E512D9100442037 /* Debug */,
				76665ABB1E512D9100442037 /* Release */,
			);
			defaultConfigurationIsVisible = 0;
			defaultConfigurationName = Release;
		};
		BB03FF051E512D9100442037 /* Build configuration list for PBXNativeTarget "CalculatorPlusTests" */ = {
			isa = XCConfigurationList;
			buildConfigurations = (
				BB03FF031E512D9100442037 /* Debug */,
				BB03FF041E512D9100442037 /* Release */,
			);
			defaultConfigurationIsVisible = 0;
			defaultConfigurationName = Release;
		};
/* End XCConfigurationList section */
	};
	rootObject = 76665A9F1E512D9100442037 /* Project object */;
}
